
Microsoft Visual Studio Solution File, Format Version 12.00
# Visual Studio Version 17
VisualStudioVersion = 17.4.33205.214
MinimumVisualStudioVersion = 10.0.40219.1
Project("{FAE04EC0-301F-11D3-BF4B-00C04F79EFBC}") = "Bilet3", "Bilet3\Bilet3.csproj", "{2A61F43F-D748-45D3-A801-21A4A2E77D8F}"
EndProject
Global
	GlobalSection(SolutionConfigurationPlatforms) = preSolution
		Debug|Any CPU = Debug|Any CPU
		Release|Any CPU = Release|Any CPU
	EndGlobalSection
	GlobalSection(ProjectConfigurationPlatforms) = postSolution
		{2A61F43F-D748-45D3-A801-21A4A2E77D8F}.Debug|Any CPU.ActiveCfg = Debug|Any CPU
		{2A61F43F-D748-45D3-A801-21A4A2E77D8F}.Debug|Any CPU.Build.0 = Debug|Any CPU
		{2A61F43F-D748-45D3-A801-21A4A2E77D8F}.Release|Any CPU.ActiveCfg = Release|Any CPU
		{2A61F43F-D748-45D3-A801-21A4A2E77D8F}.Release|Any CPU.Build.0 = Release|Any CPU
	EndGlobalSection
	GlobalSection(SolutionProperties) = preSolution
		HideSolutionNode = FALSE
	EndGlobalSection
	GlobalSection(ExtensibilityGlobals) = postSolution
		SolutionGuid = {CE2267AD-3BBE-4F60-B8CA-3719ADDB2666}
	EndGlobalSection
EndGlobal
